// !$*UTF8*$!
{
	archiveVersion = 1;
	classes = {
	};
	objectVersion = 56;
	objects = {

/* Begin PBXBuildFile section */
		43291E5C6619F10F128C6C49 /* Pods_FalconX.framework in Frameworks */ = {isa = PBXBuildFile; fileRef = 2079C1220DAC0992B47422E7 /* Pods_FalconX.framework */; };
		A54B420D2AA7A1D500871E1C /* AppDelegate.swift in Sources */ = {isa = PBXBuildFile; fileRef = A54B420C2AA7A1D500871E1C /* AppDelegate.swift */; };
		A54B420F2AA7A1D500871E1C /* SceneDelegate.swift in Sources */ = {isa = PBXBuildFile; fileRef = A54B420E2AA7A1D500871E1C /* SceneDelegate.swift */; };
		A54B42112AA7A1D500871E1C /* HomeViewController.swift in Sources */ = {isa = PBXBuildFile; fileRef = A54B42102AA7A1D500871E1C /* HomeViewController.swift */; };
		A54B42162AA7A1D500871E1C /* Assets.xcassets in Resources */ = {isa = PBXBuildFile; fileRef = A54B42152AA7A1D500871E1C /* Assets.xcassets */; };
		A54B42192AA7A1D500871E1C /* LaunchScreen.storyboard in Resources */ = {isa = PBXBuildFile; fileRef = A54B42172AA7A1D500871E1C /* LaunchScreen.storyboard */; };
		A54B42242AA7A1D500871E1C /* FalconXTests.swift in Sources */ = {isa = PBXBuildFile; fileRef = A54B42232AA7A1D500871E1C /* FalconXTests.swift */; };
		A54B422E2AA7A1D600871E1C /* FalconXUITests.swift in Sources */ = {isa = PBXBuildFile; fileRef = A54B422D2AA7A1D600871E1C /* FalconXUITests.swift */; };
		A54B42302AA7A1D600871E1C /* FalconXUITestsLaunchTests.swift in Sources */ = {isa = PBXBuildFile; fileRef = A54B422F2AA7A1D600871E1C /* FalconXUITestsLaunchTests.swift */; };
		A54B42412AA7A9CC00871E1C /* DisplayString.swift in Sources */ = {isa = PBXBuildFile; fileRef = A54B42402AA7A9CC00871E1C /* DisplayString.swift */; };
		A54B42442AA7ACCD00871E1C /* UIColor+Extension.swift in Sources */ = {isa = PBXBuildFile; fileRef = A54B42432AA7ACCD00871E1C /* UIColor+Extension.swift */; };
		A54B42462AA7ACEF00871E1C /* ColorPreferences.swift in Sources */ = {isa = PBXBuildFile; fileRef = A54B42452AA7ACEF00871E1C /* ColorPreferences.swift */; };
		A54B42492AA7B13C00871E1C /* FXLayoutConstraint.swift in Sources */ = {isa = PBXBuildFile; fileRef = A54B42482AA7B13C00871E1C /* FXLayoutConstraint.swift */; };
		A54B424B2AA7B16F00871E1C /* FXDimensionConstraint.swift in Sources */ = {isa = PBXBuildFile; fileRef = A54B424A2AA7B16F00871E1C /* FXDimensionConstraint.swift */; };
		A54B424D2AA7B1A300871E1C /* FXHorizontalConstraint.swift in Sources */ = {isa = PBXBuildFile; fileRef = A54B424C2AA7B1A300871E1C /* FXHorizontalConstraint.swift */; };
		A54B424F2AA7B1D400871E1C /* FXVerticalConstraint.swift in Sources */ = {isa = PBXBuildFile; fileRef = A54B424E2AA7B1D400871E1C /* FXVerticalConstraint.swift */; };
		A54B42512AA7B2BD00871E1C /* Array+Extension.swift in Sources */ = {isa = PBXBuildFile; fileRef = A54B42502AA7B2BD00871E1C /* Array+Extension.swift */; };
		A54B42552AA7B86700871E1C /* FXButton.swift in Sources */ = {isa = PBXBuildFile; fileRef = A54B42542AA7B86700871E1C /* FXButton.swift */; };
		A54B425D2AA83D3700871E1C /* BaseCoordinate.swift in Sources */ = {isa = PBXBuildFile; fileRef = A54B425C2AA83D3700871E1C /* BaseCoordinate.swift */; };
		A54B425F2AA840CF00871E1C /* BaseNavigationController.swift in Sources */ = {isa = PBXBuildFile; fileRef = A54B425E2AA840CF00871E1C /* BaseNavigationController.swift */; };
		A54B42612AA8414800871E1C /* AppCoordinator.swift in Sources */ = {isa = PBXBuildFile; fileRef = A54B42602AA8414800871E1C /* AppCoordinator.swift */; };
		A54B42642AA8475000871E1C /* HomeCoordinator.swift in Sources */ = {isa = PBXBuildFile; fileRef = A54B42632AA8475000871E1C /* HomeCoordinator.swift */; };
		A54B42672AA8481300871E1C /* Container+RegisterDependencies.swift in Sources */ = {isa = PBXBuildFile; fileRef = A54B42662AA8481300871E1C /* Container+RegisterDependencies.swift */; };
		A54B42692AA8484200871E1C /* Container+Coordinators.swift in Sources */ = {isa = PBXBuildFile; fileRef = A54B42682AA8484200871E1C /* Container+Coordinators.swift */; };
		A54B426F2AA85A4D00871E1C /* GameViewController.swift in Sources */ = {isa = PBXBuildFile; fileRef = A54B426E2AA85A4D00871E1C /* GameViewController.swift */; };
		A54B42712AA85A5D00871E1C /* GameCoordinator.swift in Sources */ = {isa = PBXBuildFile; fileRef = A54B42702AA85A5D00871E1C /* GameCoordinator.swift */; };
		A54B42732AA85A8C00871E1C /* GameView.swift in Sources */ = {isa = PBXBuildFile; fileRef = A54B42722AA85A8C00871E1C /* GameView.swift */; };
		A54B42752AA85B0900871E1C /* ResultViewController.swift in Sources */ = {isa = PBXBuildFile; fileRef = A54B42742AA85B0900871E1C /* ResultViewController.swift */; };
		A54B42772AA85BDF00871E1C /* GameViewModel.swift in Sources */ = {isa = PBXBuildFile; fileRef = A54B42762AA85BDF00871E1C /* GameViewModel.swift */; };
		A54B427A2AA85C3F00871E1C /* SessionService.swift in Sources */ = {isa = PBXBuildFile; fileRef = A54B42792AA85C3F00871E1C /* SessionService.swift */; };
		A54B427C2AA85DF400871E1C /* NetworkManager.swift in Sources */ = {isa = PBXBuildFile; fileRef = A54B427B2AA85DF400871E1C /* NetworkManager.swift */; };
		A54B427E2AA85E2200871E1C /* APIEndPoints.swift in Sources */ = {isa = PBXBuildFile; fileRef = A54B427D2AA85E2200871E1C /* APIEndPoints.swift */; };
		A54B42802AA85E6200871E1C /* Container+Services.swift in Sources */ = {isa = PBXBuildFile; fileRef = A54B427F2AA85E6200871E1C /* Container+Services.swift */; };
		A54B42822AA86A4F00871E1C /* Container+ViewModels.swift in Sources */ = {isa = PBXBuildFile; fileRef = A54B42812AA86A4F00871E1C /* Container+ViewModels.swift */; };
		A54B42842AA97CAC00871E1C /* Collection+Extension.swift in Sources */ = {isa = PBXBuildFile; fileRef = A54B42832AA97CAC00871E1C /* Collection+Extension.swift */; };
		A54B42862AA9869100871E1C /* FXPageViewController.swift in Sources */ = {isa = PBXBuildFile; fileRef = A54B42852AA9869100871E1C /* FXPageViewController.swift */; };
		A54B42882AA99EF600871E1C /* GameLoaderViewController.swift in Sources */ = {isa = PBXBuildFile; fileRef = A54B42872AA99EF600871E1C /* GameLoaderViewController.swift */; };
		A54B428B2AA99FD900871E1C /* loader.json in Resources */ = {isa = PBXBuildFile; fileRef = A54B428A2AA99FD900871E1C /* loader.json */; };
		A54B42902AA9A08400871E1C /* FXLoaderView.swift in Sources */ = {isa = PBXBuildFile; fileRef = A54B428F2AA9A08400871E1C /* FXLoaderView.swift */; };
		A54B42922AA9A3EF00871E1C /* UINavigationController+Extension.swift in Sources */ = {isa = PBXBuildFile; fileRef = A54B42912AA9A3EF00871E1C /* UINavigationController+Extension.swift */; };
		A54B42942AA9A5E200871E1C /* BaseViewController.swift in Sources */ = {isa = PBXBuildFile; fileRef = A54B42932AA9A5E200871E1C /* BaseViewController.swift */; };
		A54B42972AA9D18600871E1C /* Planet.swift in Sources */ = {isa = PBXBuildFile; fileRef = A54B42962AA9D18600871E1C /* Planet.swift */; };
		A54B42992AA9D1B100871E1C /* Vehicle.swift in Sources */ = {isa = PBXBuildFile; fileRef = A54B42982AA9D1B100871E1C /* Vehicle.swift */; };
		A54B429B2AA9D3E000871E1C /* UIViewController+Extension.swift in Sources */ = {isa = PBXBuildFile; fileRef = A54B429A2AA9D3E000871E1C /* UIViewController+Extension.swift */; };
		A54B429D2AA9D4CC00871E1C /* FXUtil.swift in Sources */ = {isa = PBXBuildFile; fileRef = A54B429C2AA9D4CC00871E1C /* FXUtil.swift */; };
		A54B429F2AAA072500871E1C /* GameService.swift in Sources */ = {isa = PBXBuildFile; fileRef = A54B429E2AAA072500871E1C /* GameService.swift */; };
		A54B42A12AAA097B00871E1C /* FXError.swift in Sources */ = {isa = PBXBuildFile; fileRef = A54B42A02AAA097B00871E1C /* FXError.swift */; };
		A54B42A32AAA193D00871E1C /* UIAlertController+Extension.swift in Sources */ = {isa = PBXBuildFile; fileRef = A54B42A22AAA193D00871E1C /* UIAlertController+Extension.swift */; };
		A54B42A52AAA1E5500871E1C /* Session.swift in Sources */ = {isa = PBXBuildFile; fileRef = A54B42A42AAA1E5500871E1C /* Session.swift */; };
		A54B42A72AAA6EAD00871E1C /* FXScrollViewController.swift in Sources */ = {isa = PBXBuildFile; fileRef = A54B42A62AAA6EAD00871E1C /* FXScrollViewController.swift */; };
		A54B42A92AAAF81400871E1C /* String+Extension.swift in Sources */ = {isa = PBXBuildFile; fileRef = A54B42A82AAAF81400871E1C /* String+Extension.swift */; };
		A54B42AB2AAC3A0500871E1C /* FindPlanetRequest.swift in Sources */ = {isa = PBXBuildFile; fileRef = A54B42AA2AAC3A0500871E1C /* FindPlanetRequest.swift */; };
		A54B42AD2AAC3CCB00871E1C /* FindPlanetResponse.swift in Sources */ = {isa = PBXBuildFile; fileRef = A54B42AC2AAC3CCB00871E1C /* FindPlanetResponse.swift */; };
		B6EE71B46B3553D9879F43C5 /* Pods_FalconX_FalconXUITests.framework in Frameworks */ = {isa = PBXBuildFile; fileRef = CB59F0D3DD0F65AA33B0EF4A /* Pods_FalconX_FalconXUITests.framework */; };
		EB0F35F9C85190A114115863 /* Pods_FalconXTests.framework in Frameworks */ = {isa = PBXBuildFile; fileRef = 529FA2E2E1CD8D61411B4FFB /* Pods_FalconXTests.framework */; };
/* End PBXBuildFile section */

/* Begin PBXContainerItemProxy section */
		A54B42202AA7A1D500871E1C /* PBXContainerItemProxy */ = {
			isa = PBXContainerItemProxy;
			containerPortal = A54B42012AA7A1D500871E1C /* Project object */;
			proxyType = 1;
			remoteGlobalIDString = A54B42082AA7A1D500871E1C;
			remoteInfo = FalconX;
		};
		A54B422A2AA7A1D500871E1C /* PBXContainerItemProxy */ = {
			isa = PBXContainerItemProxy;
			containerPortal = A54B42012AA7A1D500871E1C /* Project object */;
			proxyType = 1;
			remoteGlobalIDString = A54B42082AA7A1D500871E1C;
			remoteInfo = FalconX;
		};
/* End PBXContainerItemProxy section */

/* Begin PBXFileReference section */
		2079C1220DAC0992B47422E7 /* Pods_FalconX.framework */ = {isa = PBXFileReference; explicitFileType = wrapper.framework; includeInIndex = 0; path = Pods_FalconX.framework; sourceTree = BUILT_PRODUCTS_DIR; };
		41871DF4DEADB9E9E86B2D8C /* Pods-FalconX-FalconXUITests.release.xcconfig */ = {isa = PBXFileReference; includeInIndex = 1; lastKnownFileType = text.xcconfig; name = "Pods-FalconX-FalconXUITests.release.xcconfig"; path = "Target Support Files/Pods-FalconX-FalconXUITests/Pods-FalconX-FalconXUITests.release.xcconfig"; sourceTree = "<group>"; };
		465CD4F1D32FCD364252745C /* Pods-FalconX.release.xcconfig */ = {isa = PBXFileReference; includeInIndex = 1; lastKnownFileType = text.xcconfig; name = "Pods-FalconX.release.xcconfig"; path = "Target Support Files/Pods-FalconX/Pods-FalconX.release.xcconfig"; sourceTree = "<group>"; };
		529FA2E2E1CD8D61411B4FFB /* Pods_FalconXTests.framework */ = {isa = PBXFileReference; explicitFileType = wrapper.framework; includeInIndex = 0; path = Pods_FalconXTests.framework; sourceTree = BUILT_PRODUCTS_DIR; };
		592E0FAABBF52B2DC556D271 /* Pods-FalconX.debug.xcconfig */ = {isa = PBXFileReference; includeInIndex = 1; lastKnownFileType = text.xcconfig; name = "Pods-FalconX.debug.xcconfig"; path = "Target Support Files/Pods-FalconX/Pods-FalconX.debug.xcconfig"; sourceTree = "<group>"; };
		732781DB4CA4100BECB06481 /* Pods-FalconXTests.debug.xcconfig */ = {isa = PBXFileReference; includeInIndex = 1; lastKnownFileType = text.xcconfig; name = "Pods-FalconXTests.debug.xcconfig"; path = "Target Support Files/Pods-FalconXTests/Pods-FalconXTests.debug.xcconfig"; sourceTree = "<group>"; };
		7BB60E82143D33FA71433F39 /* Pods-FalconXTests.release.xcconfig */ = {isa = PBXFileReference; includeInIndex = 1; lastKnownFileType = text.xcconfig; name = "Pods-FalconXTests.release.xcconfig"; path = "Target Support Files/Pods-FalconXTests/Pods-FalconXTests.release.xcconfig"; sourceTree = "<group>"; };
		7F11DDAF00836E35EB57D0B9 /* Pods-FalconX-FalconXUITests.debug.xcconfig */ = {isa = PBXFileReference; includeInIndex = 1; lastKnownFileType = text.xcconfig; name = "Pods-FalconX-FalconXUITests.debug.xcconfig"; path = "Target Support Files/Pods-FalconX-FalconXUITests/Pods-FalconX-FalconXUITests.debug.xcconfig"; sourceTree = "<group>"; };
		A54B42092AA7A1D500871E1C /* FalconX.app */ = {isa = PBXFileReference; explicitFileType = wrapper.application; includeInIndex = 0; path = FalconX.app; sourceTree = BUILT_PRODUCTS_DIR; };
		A54B420C2AA7A1D500871E1C /* AppDelegate.swift */ = {isa = PBXFileReference; lastKnownFileType = sourcecode.swift; path = AppDelegate.swift; sourceTree = "<group>"; };
		A54B420E2AA7A1D500871E1C /* SceneDelegate.swift */ = {isa = PBXFileReference; lastKnownFileType = sourcecode.swift; path = SceneDelegate.swift; sourceTree = "<group>"; };
		A54B42102AA7A1D500871E1C /* HomeViewController.swift */ = {isa = PBXFileReference; lastKnownFileType = sourcecode.swift; path = HomeViewController.swift; sourceTree = "<group>"; };
		A54B42152AA7A1D500871E1C /* Assets.xcassets */ = {isa = PBXFileReference; lastKnownFileType = folder.assetcatalog; path = Assets.xcassets; sourceTree = "<group>"; };
		A54B42182AA7A1D500871E1C /* Base */ = {isa = PBXFileReference; lastKnownFileType = file.storyboard; name = Base; path = Base.lproj/LaunchScreen.storyboard; sourceTree = "<group>"; };
		A54B421A2AA7A1D500871E1C /* Info.plist */ = {isa = PBXFileReference; lastKnownFileType = text.plist.xml; path = Info.plist; sourceTree = "<group>"; };
		A54B421F2AA7A1D500871E1C /* FalconXTests.xctest */ = {isa = PBXFileReference; explicitFileType = wrapper.cfbundle; includeInIndex = 0; path = FalconXTests.xctest; sourceTree = BUILT_PRODUCTS_DIR; };
		A54B42232AA7A1D500871E1C /* FalconXTests.swift */ = {isa = PBXFileReference; lastKnownFileType = sourcecode.swift; path = FalconXTests.swift; sourceTree = "<group>"; };
		A54B42292AA7A1D500871E1C /* FalconXUITests.xctest */ = {isa = PBXFileReference; explicitFileType = wrapper.cfbundle; includeInIndex = 0; path = FalconXUITests.xctest; sourceTree = BUILT_PRODUCTS_DIR; };
		A54B422D2AA7A1D600871E1C /* FalconXUITests.swift */ = {isa = PBXFileReference; lastKnownFileType = sourcecode.swift; path = FalconXUITests.swift; sourceTree = "<group>"; };
		A54B422F2AA7A1D600871E1C /* FalconXUITestsLaunchTests.swift */ = {isa = PBXFileReference; lastKnownFileType = sourcecode.swift; path = FalconXUITestsLaunchTests.swift; sourceTree = "<group>"; };
		A54B42402AA7A9CC00871E1C /* DisplayString.swift */ = {isa = PBXFileReference; lastKnownFileType = sourcecode.swift; path = DisplayString.swift; sourceTree = "<group>"; };
		A54B42432AA7ACCD00871E1C /* UIColor+Extension.swift */ = {isa = PBXFileReference; lastKnownFileType = sourcecode.swift; path = "UIColor+Extension.swift"; sourceTree = "<group>"; };
		A54B42452AA7ACEF00871E1C /* ColorPreferences.swift */ = {isa = PBXFileReference; lastKnownFileType = sourcecode.swift; path = ColorPreferences.swift; sourceTree = "<group>"; };
		A54B42482AA7B13C00871E1C /* FXLayoutConstraint.swift */ = {isa = PBXFileReference; lastKnownFileType = sourcecode.swift; path = FXLayoutConstraint.swift; sourceTree = "<group>"; };
		A54B424A2AA7B16F00871E1C /* FXDimensionConstraint.swift */ = {isa = PBXFileReference; lastKnownFileType = sourcecode.swift; path = FXDimensionConstraint.swift; sourceTree = "<group>"; };
		A54B424C2AA7B1A300871E1C /* FXHorizontalConstraint.swift */ = {isa = PBXFileReference; lastKnownFileType = sourcecode.swift; path = FXHorizontalConstraint.swift; sourceTree = "<group>"; };
		A54B424E2AA7B1D400871E1C /* FXVerticalConstraint.swift */ = {isa = PBXFileReference; lastKnownFileType = sourcecode.swift; path = FXVerticalConstraint.swift; sourceTree = "<group>"; };
		A54B42502AA7B2BD00871E1C /* Array+Extension.swift */ = {isa = PBXFileReference; lastKnownFileType = sourcecode.swift; path = "Array+Extension.swift"; sourceTree = "<group>"; };
		A54B42542AA7B86700871E1C /* FXButton.swift */ = {isa = PBXFileReference; lastKnownFileType = sourcecode.swift; path = FXButton.swift; sourceTree = "<group>"; };
		A54B425C2AA83D3700871E1C /* BaseCoordinate.swift */ = {isa = PBXFileReference; lastKnownFileType = sourcecode.swift; path = BaseCoordinate.swift; sourceTree = "<group>"; };
		A54B425E2AA840CF00871E1C /* BaseNavigationController.swift */ = {isa = PBXFileReference; lastKnownFileType = sourcecode.swift; path = BaseNavigationController.swift; sourceTree = "<group>"; };
		A54B42602AA8414800871E1C /* AppCoordinator.swift */ = {isa = PBXFileReference; lastKnownFileType = sourcecode.swift; path = AppCoordinator.swift; sourceTree = "<group>"; };
		A54B42632AA8475000871E1C /* HomeCoordinator.swift */ = {isa = PBXFileReference; lastKnownFileType = sourcecode.swift; path = HomeCoordinator.swift; sourceTree = "<group>"; };
		A54B42662AA8481300871E1C /* Container+RegisterDependencies.swift */ = {isa = PBXFileReference; lastKnownFileType = sourcecode.swift; path = "Container+RegisterDependencies.swift"; sourceTree = "<group>"; };
		A54B42682AA8484200871E1C /* Container+Coordinators.swift */ = {isa = PBXFileReference; lastKnownFileType = sourcecode.swift; path = "Container+Coordinators.swift"; sourceTree = "<group>"; };
		A54B426E2AA85A4D00871E1C /* GameViewController.swift */ = {isa = PBXFileReference; lastKnownFileType = sourcecode.swift; path = GameViewController.swift; sourceTree = "<group>"; };
		A54B42702AA85A5D00871E1C /* GameCoordinator.swift */ = {isa = PBXFileReference; lastKnownFileType = sourcecode.swift; path = GameCoordinator.swift; sourceTree = "<group>"; };
		A54B42722AA85A8C00871E1C /* GameView.swift */ = {isa = PBXFileReference; lastKnownFileType = sourcecode.swift; path = GameView.swift; sourceTree = "<group>"; };
		A54B42742AA85B0900871E1C /* ResultViewController.swift */ = {isa = PBXFileReference; lastKnownFileType = sourcecode.swift; path = ResultViewController.swift; sourceTree = "<group>"; };
		A54B42762AA85BDF00871E1C /* GameViewModel.swift */ = {isa = PBXFileReference; lastKnownFileType = sourcecode.swift; path = GameViewModel.swift; sourceTree = "<group>"; };
		A54B42792AA85C3F00871E1C /* SessionService.swift */ = {isa = PBXFileReference; lastKnownFileType = sourcecode.swift; path = SessionService.swift; sourceTree = "<group>"; };
		A54B427B2AA85DF400871E1C /* NetworkManager.swift */ = {isa = PBXFileReference; lastKnownFileType = sourcecode.swift; path = NetworkManager.swift; sourceTree = "<group>"; };
		A54B427D2AA85E2200871E1C /* APIEndPoints.swift */ = {isa = PBXFileReference; lastKnownFileType = sourcecode.swift; path = APIEndPoints.swift; sourceTree = "<group>"; };
		A54B427F2AA85E6200871E1C /* Container+Services.swift */ = {isa = PBXFileReference; lastKnownFileType = sourcecode.swift; path = "Container+Services.swift"; sourceTree = "<group>"; };
		A54B42812AA86A4F00871E1C /* Container+ViewModels.swift */ = {isa = PBXFileReference; lastKnownFileType = sourcecode.swift; path = "Container+ViewModels.swift"; sourceTree = "<group>"; };
		A54B42832AA97CAC00871E1C /* Collection+Extension.swift */ = {isa = PBXFileReference; lastKnownFileType = sourcecode.swift; path = "Collection+Extension.swift"; sourceTree = "<group>"; };
		A54B42852AA9869100871E1C /* FXPageViewController.swift */ = {isa = PBXFileReference; lastKnownFileType = sourcecode.swift; path = FXPageViewController.swift; sourceTree = "<group>"; };
		A54B42872AA99EF600871E1C /* GameLoaderViewController.swift */ = {isa = PBXFileReference; lastKnownFileType = sourcecode.swift; path = GameLoaderViewController.swift; sourceTree = "<group>"; };
		A54B428A2AA99FD900871E1C /* loader.json */ = {isa = PBXFileReference; fileEncoding = 4; lastKnownFileType = text.json; path = loader.json; sourceTree = "<group>"; };
		A54B428F2AA9A08400871E1C /* FXLoaderView.swift */ = {isa = PBXFileReference; lastKnownFileType = sourcecode.swift; path = FXLoaderView.swift; sourceTree = "<group>"; };
		A54B42912AA9A3EF00871E1C /* UINavigationController+Extension.swift */ = {isa = PBXFileReference; lastKnownFileType = sourcecode.swift; path = "UINavigationController+Extension.swift"; sourceTree = "<group>"; };
		A54B42932AA9A5E200871E1C /* BaseViewController.swift */ = {isa = PBXFileReference; lastKnownFileType = sourcecode.swift; path = BaseViewController.swift; sourceTree = "<group>"; };
		A54B42962AA9D18600871E1C /* Planet.swift */ = {isa = PBXFileReference; lastKnownFileType = sourcecode.swift; path = Planet.swift; sourceTree = "<group>"; };
		A54B42982AA9D1B100871E1C /* Vehicle.swift */ = {isa = PBXFileReference; lastKnownFileType = sourcecode.swift; path = Vehicle.swift; sourceTree = "<group>"; };
		A54B429A2AA9D3E000871E1C /* UIViewController+Extension.swift */ = {isa = PBXFileReference; lastKnownFileType = sourcecode.swift; path = "UIViewController+Extension.swift"; sourceTree = "<group>"; };
		A54B429C2AA9D4CC00871E1C /* FXUtil.swift */ = {isa = PBXFileReference; lastKnownFileType = sourcecode.swift; path = FXUtil.swift; sourceTree = "<group>"; };
		A54B429E2AAA072500871E1C /* GameService.swift */ = {isa = PBXFileReference; lastKnownFileType = sourcecode.swift; path = GameService.swift; sourceTree = "<group>"; };
		A54B42A02AAA097B00871E1C /* FXError.swift */ = {isa = PBXFileReference; lastKnownFileType = sourcecode.swift; path = FXError.swift; sourceTree = "<group>"; };
		A54B42A22AAA193D00871E1C /* UIAlertController+Extension.swift */ = {isa = PBXFileReference; lastKnownFileType = sourcecode.swift; path = "UIAlertController+Extension.swift"; sourceTree = "<group>"; };
		A54B42A42AAA1E5500871E1C /* Session.swift */ = {isa = PBXFileReference; lastKnownFileType = sourcecode.swift; path = Session.swift; sourceTree = "<group>"; };
		A54B42A62AAA6EAD00871E1C /* FXScrollViewController.swift */ = {isa = PBXFileReference; lastKnownFileType = sourcecode.swift; path = FXScrollViewController.swift; sourceTree = "<group>"; };
		A54B42A82AAAF81400871E1C /* String+Extension.swift */ = {isa = PBXFileReference; lastKnownFileType = sourcecode.swift; path = "String+Extension.swift"; sourceTree = "<group>"; };
		A54B42AA2AAC3A0500871E1C /* FindPlanetRequest.swift */ = {isa = PBXFileReference; lastKnownFileType = sourcecode.swift; path = FindPlanetRequest.swift; sourceTree = "<group>"; };
		A54B42AC2AAC3CCB00871E1C /* FindPlanetResponse.swift */ = {isa = PBXFileReference; lastKnownFileType = sourcecode.swift; path = FindPlanetResponse.swift; sourceTree = "<group>"; };
		CB59F0D3DD0F65AA33B0EF4A /* Pods_FalconX_FalconXUITests.framework */ = {isa = PBXFileReference; explicitFileType = wrapper.framework; includeInIndex = 0; path = Pods_FalconX_FalconXUITests.framework; sourceTree = BUILT_PRODUCTS_DIR; };
/* End PBXFileReference section */

/* Begin PBXFrameworksBuildPhase section */
		A54B42062AA7A1D500871E1C /* Frameworks */ = {
			isa = PBXFrameworksBuildPhase;
			buildActionMask = 2147483647;
			files = (
				43291E5C6619F10F128C6C49 /* Pods_FalconX.framework in Frameworks */,
			);
			runOnlyForDeploymentPostprocessing = 0;
		};
		A54B421C2AA7A1D500871E1C /* Frameworks */ = {
			isa = PBXFrameworksBuildPhase;
			buildActionMask = 2147483647;
			files = (
				EB0F35F9C85190A114115863 /* Pods_FalconXTests.framework in Frameworks */,
			);
			runOnlyForDeploymentPostprocessing = 0;
		};
		A54B42262AA7A1D500871E1C /* Frameworks */ = {
			isa = PBXFrameworksBuildPhase;
			buildActionMask = 2147483647;
			files = (
				B6EE71B46B3553D9879F43C5 /* Pods_FalconX_FalconXUITests.framework in Frameworks */,
			);
			runOnlyForDeploymentPostprocessing = 0;
		};
/* End PBXFrameworksBuildPhase section */

/* Begin PBXGroup section */
		0A4748A1D103EBB4C57DCD93 /* Pods */ = {
			isa = PBXGroup;
			children = (
				592E0FAABBF52B2DC556D271 /* Pods-FalconX.debug.xcconfig */,
				465CD4F1D32FCD364252745C /* Pods-FalconX.release.xcconfig */,
				7F11DDAF00836E35EB57D0B9 /* Pods-FalconX-FalconXUITests.debug.xcconfig */,
				41871DF4DEADB9E9E86B2D8C /* Pods-FalconX-FalconXUITests.release.xcconfig */,
				732781DB4CA4100BECB06481 /* Pods-FalconXTests.debug.xcconfig */,
				7BB60E82143D33FA71433F39 /* Pods-FalconXTests.release.xcconfig */,
			);
			name = Pods;
			path = Pods;
			sourceTree = "<group>";
		};
		8E5470F6D22245BB3BBECDF6 /* Frameworks */ = {
			isa = PBXGroup;
			children = (
				2079C1220DAC0992B47422E7 /* Pods_FalconX.framework */,
				CB59F0D3DD0F65AA33B0EF4A /* Pods_FalconX_FalconXUITests.framework */,
				529FA2E2E1CD8D61411B4FFB /* Pods_FalconXTests.framework */,
			);
			name = Frameworks;
			sourceTree = "<group>";
		};
		A54B42002AA7A1D500871E1C = {
			isa = PBXGroup;
			children = (
				A54B420B2AA7A1D500871E1C /* FalconX */,
				A54B42222AA7A1D500871E1C /* FalconXTests */,
				A54B422C2AA7A1D600871E1C /* FalconXUITests */,
				A54B420A2AA7A1D500871E1C /* Products */,
				0A4748A1D103EBB4C57DCD93 /* Pods */,
				8E5470F6D22245BB3BBECDF6 /* Frameworks */,
			);
			sourceTree = "<group>";
		};
		A54B420A2AA7A1D500871E1C /* Products */ = {
			isa = PBXGroup;
			children = (
				A54B42092AA7A1D500871E1C /* FalconX.app */,
				A54B421F2AA7A1D500871E1C /* FalconXTests.xctest */,
				A54B42292AA7A1D500871E1C /* FalconXUITests.xctest */,
			);
			name = Products;
			sourceTree = "<group>";
		};
		A54B420B2AA7A1D500871E1C /* FalconX */ = {
			isa = PBXGroup;
			children = (
				A54B42892AA99FC300871E1C /* MediaAsset */,
				A54B42592AA83CA300871E1C /* App */,
				A54B42782AA85C2E00871E1C /* Services */,
				A54B42652AA847E900871E1C /* DependencyInjection */,
				A54B423F2AA7A9BC00871E1C /* Constants */,
				A54B42952AA9D16600871E1C /* Models */,
				A54B423C2AA7A51A00871E1C /* Views */,
				A54B425A2AA83CD400871E1C /* Utils */,
				A54B420C2AA7A1D500871E1C /* AppDelegate.swift */,
				A54B420E2AA7A1D500871E1C /* SceneDelegate.swift */,
				A54B42152AA7A1D500871E1C /* Assets.xcassets */,
				A54B42172AA7A1D500871E1C /* LaunchScreen.storyboard */,
				A54B421A2AA7A1D500871E1C /* Info.plist */,
			);
			path = FalconX;
			sourceTree = "<group>";
		};
		A54B42222AA7A1D500871E1C /* FalconXTests */ = {
			isa = PBXGroup;
			children = (
				A54B42232AA7A1D500871E1C /* FalconXTests.swift */,
			);
			path = FalconXTests;
			sourceTree = "<group>";
		};
		A54B422C2AA7A1D600871E1C /* FalconXUITests */ = {
			isa = PBXGroup;
			children = (
				A54B422D2AA7A1D600871E1C /* FalconXUITests.swift */,
				A54B422F2AA7A1D600871E1C /* FalconXUITestsLaunchTests.swift */,
			);
			path = FalconXUITests;
			sourceTree = "<group>";
		};
		A54B423C2AA7A51A00871E1C /* Views */ = {
			isa = PBXGroup;
			children = (
				A54B42542AA7B86700871E1C /* FXButton.swift */,
				A54B42852AA9869100871E1C /* FXPageViewController.swift */,
				A54B428F2AA9A08400871E1C /* FXLoaderView.swift */,
			);
			path = Views;
			sourceTree = "<group>";
		};
		A54B423F2AA7A9BC00871E1C /* Constants */ = {
			isa = PBXGroup;
			children = (
				A54B42402AA7A9CC00871E1C /* DisplayString.swift */,
				A54B42452AA7ACEF00871E1C /* ColorPreferences.swift */,
				A54B427D2AA85E2200871E1C /* APIEndPoints.swift */,
				A54B42A02AAA097B00871E1C /* FXError.swift */,
			);
			path = Constants;
			sourceTree = "<group>";
		};
		A54B42422AA7AC9B00871E1C /* Extension */ = {
			isa = PBXGroup;
			children = (
				A54B42432AA7ACCD00871E1C /* UIColor+Extension.swift */,
				A54B42502AA7B2BD00871E1C /* Array+Extension.swift */,
				A54B42832AA97CAC00871E1C /* Collection+Extension.swift */,
				A54B42912AA9A3EF00871E1C /* UINavigationController+Extension.swift */,
				A54B429A2AA9D3E000871E1C /* UIViewController+Extension.swift */,
				A54B42A22AAA193D00871E1C /* UIAlertController+Extension.swift */,
				A54B42A82AAAF81400871E1C /* String+Extension.swift */,
			);
			path = Extension;
			sourceTree = "<group>";
		};
		A54B42472AA7B11300871E1C /* FXConstraints */ = {
			isa = PBXGroup;
			children = (
				A54B42482AA7B13C00871E1C /* FXLayoutConstraint.swift */,
				A54B424A2AA7B16F00871E1C /* FXDimensionConstraint.swift */,
				A54B424C2AA7B1A300871E1C /* FXHorizontalConstraint.swift */,
				A54B424E2AA7B1D400871E1C /* FXVerticalConstraint.swift */,
			);
			path = FXConstraints;
			sourceTree = "<group>";
		};
		A54B42592AA83CA300871E1C /* App */ = {
			isa = PBXGroup;
			children = (
				A54B42602AA8414800871E1C /* AppCoordinator.swift */,
				A54B425B2AA83D1900871E1C /* Base */,
				A54B42622AA8473D00871E1C /* Home */,
				A54B426D2AA859EA00871E1C /* Game */,
			);
			path = App;
			sourceTree = "<group>";
		};
		A54B425A2AA83CD400871E1C /* Utils */ = {
			isa = PBXGroup;
			children = (
				A54B42472AA7B11300871E1C /* FXConstraints */,
				A54B42422AA7AC9B00871E1C /* Extension */,
				A54B429C2AA9D4CC00871E1C /* FXUtil.swift */,
			);
			path = Utils;
			sourceTree = "<group>";
		};
		A54B425B2AA83D1900871E1C /* Base */ = {
			isa = PBXGroup;
			children = (
				A54B425C2AA83D3700871E1C /* BaseCoordinate.swift */,
				A54B425E2AA840CF00871E1C /* BaseNavigationController.swift */,
				A54B42932AA9A5E200871E1C /* BaseViewController.swift */,
				A54B42A62AAA6EAD00871E1C /* FXScrollViewController.swift */,
			);
			path = Base;
			sourceTree = "<group>";
		};
		A54B42622AA8473D00871E1C /* Home */ = {
			isa = PBXGroup;
			children = (
				A54B42632AA8475000871E1C /* HomeCoordinator.swift */,
				A54B42102AA7A1D500871E1C /* HomeViewController.swift */,
			);
			path = Home;
			sourceTree = "<group>";
		};
		A54B42652AA847E900871E1C /* DependencyInjection */ = {
			isa = PBXGroup;
			children = (
				A54B42662AA8481300871E1C /* Container+RegisterDependencies.swift */,
				A54B42682AA8484200871E1C /* Container+Coordinators.swift */,
				A54B427F2AA85E6200871E1C /* Container+Services.swift */,
				A54B42812AA86A4F00871E1C /* Container+ViewModels.swift */,
			);
			path = DependencyInjection;
			sourceTree = "<group>";
		};
		A54B426D2AA859EA00871E1C /* Game */ = {
			isa = PBXGroup;
			children = (
				A54B42702AA85A5D00871E1C /* GameCoordinator.swift */,
				A54B426E2AA85A4D00871E1C /* GameViewController.swift */,
				A54B42722AA85A8C00871E1C /* GameView.swift */,
				A54B42742AA85B0900871E1C /* ResultViewController.swift */,
				A54B42762AA85BDF00871E1C /* GameViewModel.swift */,
				A54B42872AA99EF600871E1C /* GameLoaderViewController.swift */,
			);
			path = Game;
			sourceTree = "<group>";
		};
		A54B42782AA85C2E00871E1C /* Services */ = {
			isa = PBXGroup;
			children = (
				A54B42792AA85C3F00871E1C /* SessionService.swift */,
				A54B427B2AA85DF400871E1C /* NetworkManager.swift */,
				A54B429E2AAA072500871E1C /* GameService.swift */,
			);
			path = Services;
			sourceTree = "<group>";
		};
		A54B42892AA99FC300871E1C /* MediaAsset */ = {
			isa = PBXGroup;
			children = (
				A54B428A2AA99FD900871E1C /* loader.json */,
			);
			path = MediaAsset;
			sourceTree = "<group>";
		};
		A54B42952AA9D16600871E1C /* Models */ = {
			isa = PBXGroup;
			children = (
				A54B42962AA9D18600871E1C /* Planet.swift */,
				A54B42982AA9D1B100871E1C /* Vehicle.swift */,
				A54B42A42AAA1E5500871E1C /* Session.swift */,
				A54B42AA2AAC3A0500871E1C /* FindPlanetRequest.swift */,
				A54B42AC2AAC3CCB00871E1C /* FindPlanetResponse.swift */,
			);
			path = Models;
			sourceTree = "<group>";
		};
/* End PBXGroup section */

/* Begin PBXNativeTarget section */
		A54B42082AA7A1D500871E1C /* FalconX */ = {
			isa = PBXNativeTarget;
			buildConfigurationList = A54B42332AA7A1D600871E1C /* Build configuration list for PBXNativeTarget "FalconX" */;
			buildPhases = (
				4F831A94316AB31012B5294B /* [CP] Check Pods Manifest.lock */,
				A54B42052AA7A1D500871E1C /* Sources */,
				A54B42062AA7A1D500871E1C /* Frameworks */,
				A54B42072AA7A1D500871E1C /* Resources */,
			);
			buildRules = (
			);
			dependencies = (
			);
			name = FalconX;
			productName = FalconX;
			productReference = A54B42092AA7A1D500871E1C /* FalconX.app */;
			productType = "com.apple.product-type.application";
		};
		A54B421E2AA7A1D500871E1C /* FalconXTests */ = {
			isa = PBXNativeTarget;
			buildConfigurationList = A54B42362AA7A1D600871E1C /* Build configuration list for PBXNativeTarget "FalconXTests" */;
			buildPhases = (
				314A52795A9B929339AB0054 /* [CP] Check Pods Manifest.lock */,
				A54B421B2AA7A1D500871E1C /* Sources */,
				A54B421C2AA7A1D500871E1C /* Frameworks */,
				A54B421D2AA7A1D500871E1C /* Resources */,
			);
			buildRules = (
			);
			dependencies = (
				A54B42212AA7A1D500871E1C /* PBXTargetDependency */,
			);
			name = FalconXTests;
			productName = FalconXTests;
			productReference = A54B421F2AA7A1D500871E1C /* FalconXTests.xctest */;
			productType = "com.apple.product-type.bundle.unit-test";
		};
		A54B42282AA7A1D500871E1C /* FalconXUITests */ = {
			isa = PBXNativeTarget;
			buildConfigurationList = A54B42392AA7A1D600871E1C /* Build configuration list for PBXNativeTarget "FalconXUITests" */;
			buildPhases = (
				6C03B64E4BF10F33C7B98FC7 /* [CP] Check Pods Manifest.lock */,
				A54B42252AA7A1D500871E1C /* Sources */,
				A54B42262AA7A1D500871E1C /* Frameworks */,
				A54B42272AA7A1D500871E1C /* Resources */,
			);
			buildRules = (
			);
			dependencies = (
				A54B422B2AA7A1D500871E1C /* PBXTargetDependency */,
			);
			name = FalconXUITests;
			productName = FalconXUITests;
			productReference = A54B42292AA7A1D500871E1C /* FalconXUITests.xctest */;
			productType = "com.apple.product-type.bundle.ui-testing";
		};
/* End PBXNativeTarget section */

/* Begin PBXProject section */
		A54B42012AA7A1D500871E1C /* Project object */ = {
			isa = PBXProject;
			attributes = {
				BuildIndependentTargetsInParallel = 1;
				LastSwiftUpdateCheck = 1420;
				LastUpgradeCheck = 1420;
				TargetAttributes = {
					A54B42082AA7A1D500871E1C = {
						CreatedOnToolsVersion = 14.2;
					};
					A54B421E2AA7A1D500871E1C = {
						CreatedOnToolsVersion = 14.2;
						TestTargetID = A54B42082AA7A1D500871E1C;
					};
					A54B42282AA7A1D500871E1C = {
						CreatedOnToolsVersion = 14.2;
						TestTargetID = A54B42082AA7A1D500871E1C;
					};
				};
			};
			buildConfigurationList = A54B42042AA7A1D500871E1C /* Build configuration list for PBXProject "FalconX" */;
			compatibilityVersion = "Xcode 14.0";
			developmentRegion = en;
			hasScannedForEncodings = 0;
			knownRegions = (
				en,
				Base,
			);
			mainGroup = A54B42002AA7A1D500871E1C;
			productRefGroup = A54B420A2AA7A1D500871E1C /* Products */;
			projectDirPath = "";
			projectRoot = "";
			targets = (
				A54B42082AA7A1D500871E1C /* FalconX */,
				A54B421E2AA7A1D500871E1C /* FalconXTests */,
				A54B42282AA7A1D500871E1C /* FalconXUITests */,
			);
		};
/* End PBXProject section */

/* Begin PBXResourcesBuildPhase section */
		A54B42072AA7A1D500871E1C /* Resources */ = {
			isa = PBXResourcesBuildPhase;
			buildActionMask = 2147483647;
			files = (
				A54B428B2AA99FD900871E1C /* loader.json in Resources */,
				A54B42192AA7A1D500871E1C /* LaunchScreen.storyboard in Resources */,
				A54B42162AA7A1D500871E1C /* Assets.xcassets in Resources */,
			);
			runOnlyForDeploymentPostprocessing = 0;
		};
		A54B421D2AA7A1D500871E1C /* Resources */ = {
			isa = PBXResourcesBuildPhase;
			buildActionMask = 2147483647;
			files = (
			);
			runOnlyForDeploymentPostprocessing = 0;
		};
		A54B42272AA7A1D500871E1C /* Resources */ = {
			isa = PBXResourcesBuildPhase;
			buildActionMask = 2147483647;
			files = (
			);
			runOnlyForDeploymentPostprocessing = 0;
		};
/* End PBXResourcesBuildPhase section */

/* Begin PBXShellScriptBuildPhase section */
		314A52795A9B929339AB0054 /* [CP] Check Pods Manifest.lock */ = {
			isa = PBXShellScriptBuildPhase;
			buildActionMask = 2147483647;
			files = (
			);
			inputFileListPaths = (
			);
			inputPaths = (
				"${PODS_PODFILE_DIR_PATH}/Podfile.lock",
				"${PODS_ROOT}/Manifest.lock",
			);
			name = "[CP] Check Pods Manifest.lock";
			outputFileListPaths = (
			);
			outputPaths = (
				"$(DERIVED_FILE_DIR)/Pods-FalconXTests-checkManifestLockResult.txt",
			);
			runOnlyForDeploymentPostprocessing = 0;
			shellPath = /bin/sh;
			shellScript = "diff \"${PODS_PODFILE_DIR_PATH}/Podfile.lock\" \"${PODS_ROOT}/Manifest.lock\" > /dev/null\nif [ $? != 0 ] ; then\n    # print error to STDERR\n    echo \"error: The sandbox is not in sync with the Podfile.lock. Run 'pod install' or update your CocoaPods installation.\" >&2\n    exit 1\nfi\n# This output is used by Xcode 'outputs' to avoid re-running this script phase.\necho \"SUCCESS\" > \"${SCRIPT_OUTPUT_FILE_0}\"\n";
			showEnvVarsInLog = 0;
		};
		4F831A94316AB31012B5294B /* [CP] Check Pods Manifest.lock */ = {
			isa = PBXShellScriptBuildPhase;
			buildActionMask = 2147483647;
			files = (
			);
			inputFileListPaths = (
			);
			inputPaths = (
				"${PODS_PODFILE_DIR_PATH}/Podfile.lock",
				"${PODS_ROOT}/Manifest.lock",
			);
			name = "[CP] Check Pods Manifest.lock";
			outputFileListPaths = (
			);
			outputPaths = (
				"$(DERIVED_FILE_DIR)/Pods-FalconX-checkManifestLockResult.txt",
			);
			runOnlyForDeploymentPostprocessing = 0;
			shellPath = /bin/sh;
			shellScript = "diff \"${PODS_PODFILE_DIR_PATH}/Podfile.lock\" \"${PODS_ROOT}/Manifest.lock\" > /dev/null\nif [ $? != 0 ] ; then\n    # print error to STDERR\n    echo \"error: The sandbox is not in sync with the Podfile.lock. Run 'pod install' or update your CocoaPods installation.\" >&2\n    exit 1\nfi\n# This output is used by Xcode 'outputs' to avoid re-running this script phase.\necho \"SUCCESS\" > \"${SCRIPT_OUTPUT_FILE_0}\"\n";
			showEnvVarsInLog = 0;
		};
		6C03B64E4BF10F33C7B98FC7 /* [CP] Check Pods Manifest.lock */ = {
			isa = PBXShellScriptBuildPhase;
			buildActionMask = 2147483647;
			files = (
			);
			inputFileListPaths = (
			);
			inputPaths = (
				"${PODS_PODFILE_DIR_PATH}/Podfile.lock",
				"${PODS_ROOT}/Manifest.lock",
			);
			name = "[CP] Check Pods Manifest.lock";
			outputFileListPaths = (
			);
			outputPaths = (
				"$(DERIVED_FILE_DIR)/Pods-FalconX-FalconXUITests-checkManifestLockResult.txt",
			);
			runOnlyForDeploymentPostprocessing = 0;
			shellPath = /bin/sh;
			shellScript = "diff \"${PODS_PODFILE_DIR_PATH}/Podfile.lock\" \"${PODS_ROOT}/Manifest.lock\" > /dev/null\nif [ $? != 0 ] ; then\n    # print error to STDERR\n    echo \"error: The sandbox is not in sync with the Podfile.lock. Run 'pod install' or update your CocoaPods installation.\" >&2\n    exit 1\nfi\n# This output is used by Xcode 'outputs' to avoid re-running this script phase.\necho \"SUCCESS\" > \"${SCRIPT_OUTPUT_FILE_0}\"\n";
			showEnvVarsInLog = 0;
		};
/* End PBXShellScriptBuildPhase section */

/* Begin PBXSourcesBuildPhase section */
		A54B42052AA7A1D500871E1C /* Sources */ = {
			isa = PBXSourcesBuildPhase;
			buildActionMask = 2147483647;
			files = (
				A54B42992AA9D1B100871E1C /* Vehicle.swift in Sources */,
				A54B42692AA8484200871E1C /* Container+Coordinators.swift in Sources */,
				A54B42492AA7B13C00871E1C /* FXLayoutConstraint.swift in Sources */,
				A54B429D2AA9D4CC00871E1C /* FXUtil.swift in Sources */,
				A54B42922AA9A3EF00871E1C /* UINavigationController+Extension.swift in Sources */,
				A54B42462AA7ACEF00871E1C /* ColorPreferences.swift in Sources */,
				A54B425D2AA83D3700871E1C /* BaseCoordinate.swift in Sources */,
				A54B42112AA7A1D500871E1C /* HomeViewController.swift in Sources */,
				A54B42552AA7B86700871E1C /* FXButton.swift in Sources */,
				A54B42942AA9A5E200871E1C /* BaseViewController.swift in Sources */,
				A54B42512AA7B2BD00871E1C /* Array+Extension.swift in Sources */,
				A54B42862AA9869100871E1C /* FXPageViewController.swift in Sources */,
				A54B42A92AAAF81400871E1C /* String+Extension.swift in Sources */,
				A54B42732AA85A8C00871E1C /* GameView.swift in Sources */,
				A54B42412AA7A9CC00871E1C /* DisplayString.swift in Sources */,
				A54B42A52AAA1E5500871E1C /* Session.swift in Sources */,
				A54B42772AA85BDF00871E1C /* GameViewModel.swift in Sources */,
				A54B429F2AAA072500871E1C /* GameService.swift in Sources */,
				A54B424F2AA7B1D400871E1C /* FXVerticalConstraint.swift in Sources */,
				A54B425F2AA840CF00871E1C /* BaseNavigationController.swift in Sources */,
				A54B42802AA85E6200871E1C /* Container+Services.swift in Sources */,
				A54B42842AA97CAC00871E1C /* Collection+Extension.swift in Sources */,
				A54B427A2AA85C3F00871E1C /* SessionService.swift in Sources */,
				A54B42712AA85A5D00871E1C /* GameCoordinator.swift in Sources */,
				A54B42A32AAA193D00871E1C /* UIAlertController+Extension.swift in Sources */,
				A54B42AD2AAC3CCB00871E1C /* FindPlanetResponse.swift in Sources */,
				A54B42442AA7ACCD00871E1C /* UIColor+Extension.swift in Sources */,
				A54B420D2AA7A1D500871E1C /* AppDelegate.swift in Sources */,
				A54B42A12AAA097B00871E1C /* FXError.swift in Sources */,
				A54B429B2AA9D3E000871E1C /* UIViewController+Extension.swift in Sources */,
				A54B420F2AA7A1D500871E1C /* SceneDelegate.swift in Sources */,
				A54B42882AA99EF600871E1C /* GameLoaderViewController.swift in Sources */,
				A54B427E2AA85E2200871E1C /* APIEndPoints.swift in Sources */,
				A54B42612AA8414800871E1C /* AppCoordinator.swift in Sources */,
				A54B427C2AA85DF400871E1C /* NetworkManager.swift in Sources */,
				A54B42AB2AAC3A0500871E1C /* FindPlanetRequest.swift in Sources */,
				A54B42672AA8481300871E1C /* Container+RegisterDependencies.swift in Sources */,
				A54B426F2AA85A4D00871E1C /* GameViewController.swift in Sources */,
				A54B42642AA8475000871E1C /* HomeCoordinator.swift in Sources */,
				A54B424D2AA7B1A300871E1C /* FXHorizontalConstraint.swift in Sources */,
				A54B424B2AA7B16F00871E1C /* FXDimensionConstraint.swift in Sources */,
				A54B42972AA9D18600871E1C /* Planet.swift in Sources */,
				A54B42902AA9A08400871E1C /* FXLoaderView.swift in Sources */,
				A54B42A72AAA6EAD00871E1C /* FXScrollViewController.swift in Sources */,
				A54B42822AA86A4F00871E1C /* Container+ViewModels.swift in Sources */,
				A54B42752AA85B0900871E1C /* ResultViewController.swift in Sources */,
			);
			runOnlyForDeploymentPostprocessing = 0;
		};
		A54B421B2AA7A1D500871E1C /* Sources */ = {
			isa = PBXSourcesBuildPhase;
			buildActionMask = 2147483647;
			files = (
				A54B42242AA7A1D500871E1C /* FalconXTests.swift in Sources */,
			);
			runOnlyForDeploymentPostprocessing = 0;
		};
		A54B42252AA7A1D500871E1C /* Sources */ = {
			isa = PBXSourcesBuildPhase;
			buildActionMask = 2147483647;
			files = (
				A54B42302AA7A1D600871E1C /* FalconXUITestsLaunchTests.swift in Sources */,
				A54B422E2AA7A1D600871E1C /* FalconXUITests.swift in Sources */,
			);
			runOnlyForDeploymentPostprocessing = 0;
		};
/* End PBXSourcesBuildPhase section */

/* Begin PBXTargetDependency section */
		A54B42212AA7A1D500871E1C /* PBXTargetDependency */ = {
			isa = PBXTargetDependency;
			target = A54B42082AA7A1D500871E1C /* FalconX */;
			targetProxy = A54B42202AA7A1D500871E1C /* PBXContainerItemProxy */;
		};
		A54B422B2AA7A1D500871E1C /* PBXTargetDependency */ = {
			isa = PBXTargetDependency;
			target = A54B42082AA7A1D500871E1C /* FalconX */;
			targetProxy = A54B422A2AA7A1D500871E1C /* PBXContainerItemProxy */;
		};
/* End PBXTargetDependency section */

/* Begin PBXVariantGroup section */
		A54B42172AA7A1D500871E1C /* LaunchScreen.storyboard */ = {
			isa = PBXVariantGroup;
			children = (
				A54B42182AA7A1D500871E1C /* Base */,
			);
			name = LaunchScreen.storyboard;
			sourceTree = "<group>";
		};
/* End PBXVariantGroup section */

/* Begin XCBuildConfiguration section */
		A54B42312AA7A1D600871E1C /* Debug */ = {
			isa = XCBuildConfiguration;
			buildSettings = {
				ALWAYS_SEARCH_USER_PATHS = NO;
				CLANG_ANALYZER_NONNULL = YES;
				CLANG_ANALYZER_NUMBER_OBJECT_CONVERSION = YES_AGGRESSIVE;
				CLANG_CXX_LANGUAGE_STANDARD = "gnu++20";
				CLANG_ENABLE_MODULES = YES;
				CLANG_ENABLE_OBJC_ARC = YES;
				CLANG_ENABLE_OBJC_WEAK = YES;
				CLANG_WARN_BLOCK_CAPTURE_AUTORELEASING = YES;
				CLANG_WARN_BOOL_CONVERSION = YES;
				CLANG_WARN_COMMA = YES;
				CLANG_WARN_CONSTANT_CONVERSION = YES;
				CLANG_WARN_DEPRECATED_OBJC_IMPLEMENTATIONS = YES;
				CLANG_WARN_DIRECT_OBJC_ISA_USAGE = YES_ERROR;
				CLANG_WARN_DOCUMENTATION_COMMENTS = YES;
				CLANG_WARN_EMPTY_BODY = YES;
				CLANG_WARN_ENUM_CONVERSION = YES;
				CLANG_WARN_INFINITE_RECURSION = YES;
				CLANG_WARN_INT_CONVERSION = YES;
				CLANG_WARN_NON_LITERAL_NULL_CONVERSION = YES;
				CLANG_WARN_OBJC_IMPLICIT_RETAIN_SELF = YES;
				CLANG_WARN_OBJC_LITERAL_CONVERSION = YES;
				CLANG_WARN_OBJC_ROOT_CLASS = YES_ERROR;
				CLANG_WARN_QUOTED_INCLUDE_IN_FRAMEWORK_HEADER = YES;
				CLANG_WARN_RANGE_LOOP_ANALYSIS = YES;
				CLANG_WARN_STRICT_PROTOTYPES = YES;
				CLANG_WARN_SUSPICIOUS_MOVE = YES;
				CLANG_WARN_UNGUARDED_AVAILABILITY = YES_AGGRESSIVE;
				CLANG_WARN_UNREACHABLE_CODE = YES;
				CLANG_WARN__DUPLICATE_METHOD_MATCH = YES;
				COPY_PHASE_STRIP = NO;
				DEBUG_INFORMATION_FORMAT = dwarf;
				ENABLE_STRICT_OBJC_MSGSEND = YES;
				ENABLE_TESTABILITY = YES;
				GCC_C_LANGUAGE_STANDARD = gnu11;
				GCC_DYNAMIC_NO_PIC = NO;
				GCC_NO_COMMON_BLOCKS = YES;
				GCC_OPTIMIZATION_LEVEL = 0;
				GCC_PREPROCESSOR_DEFINITIONS = (
					"DEBUG=1",
					"$(inherited)",
				);
				GCC_WARN_64_TO_32_BIT_CONVERSION = YES;
				GCC_WARN_ABOUT_RETURN_TYPE = YES_ERROR;
				GCC_WARN_UNDECLARED_SELECTOR = YES;
				GCC_WARN_UNINITIALIZED_AUTOS = YES_AGGRESSIVE;
				GCC_WARN_UNUSED_FUNCTION = YES;
				GCC_WARN_UNUSED_VARIABLE = YES;
				IPHONEOS_DEPLOYMENT_TARGET = 16.2;
				MTL_ENABLE_DEBUG_INFO = INCLUDE_SOURCE;
				MTL_FAST_MATH = YES;
				ONLY_ACTIVE_ARCH = YES;
				SDKROOT = iphoneos;
				SWIFT_ACTIVE_COMPILATION_CONDITIONS = DEBUG;
				SWIFT_OPTIMIZATION_LEVEL = "-Onone";
			};
			name = Debug;
		};
		A54B42322AA7A1D600871E1C /* Release */ = {
			isa = XCBuildConfiguration;
			buildSettings = {
				ALWAYS_SEARCH_USER_PATHS = NO;
				CLANG_ANALYZER_NONNULL = YES;
				CLANG_ANALYZER_NUMBER_OBJECT_CONVERSION = YES_AGGRESSIVE;
				CLANG_CXX_LANGUAGE_STANDARD = "gnu++20";
				CLANG_ENABLE_MODULES = YES;
				CLANG_ENABLE_OBJC_ARC = YES;
				CLANG_ENABLE_OBJC_WEAK = YES;
				CLANG_WARN_BLOCK_CAPTURE_AUTORELEASING = YES;
				CLANG_WARN_BOOL_CONVERSION = YES;
				CLANG_WARN_COMMA = YES;
				CLANG_WARN_CONSTANT_CONVERSION = YES;
				CLANG_WARN_DEPRECATED_OBJC_IMPLEMENTATIONS = YES;
				CLANG_WARN_DIRECT_OBJC_ISA_USAGE = YES_ERROR;
				CLANG_WARN_DOCUMENTATION_COMMENTS = YES;
				CLANG_WARN_EMPTY_BODY = YES;
				CLANG_WARN_ENUM_CONVERSION = YES;
				CLANG_WARN_INFINITE_RECURSION = YES;
				CLANG_WARN_INT_CONVERSION = YES;
				CLANG_WARN_NON_LITERAL_NULL_CONVERSION = YES;
				CLANG_WARN_OBJC_IMPLICIT_RETAIN_SELF = YES;
				CLANG_WARN_OBJC_LITERAL_CONVERSION = YES;
				CLANG_WARN_OBJC_ROOT_CLASS = YES_ERROR;
				CLANG_WARN_QUOTED_INCLUDE_IN_FRAMEWORK_HEADER = YES;
				CLANG_WARN_RANGE_LOOP_ANALYSIS = YES;
				CLANG_WARN_STRICT_PROTOTYPES = YES;
				CLANG_WARN_SUSPICIOUS_MOVE = YES;
				CLANG_WARN_UNGUARDED_AVAILABILITY = YES_AGGRESSIVE;
				CLANG_WARN_UNREACHABLE_CODE = YES;
				CLANG_WARN__DUPLICATE_METHOD_MATCH = YES;
				COPY_PHASE_STRIP = NO;
				DEBUG_INFORMATION_FORMAT = "dwarf-with-dsym";
				ENABLE_NS_ASSERTIONS = NO;
				ENABLE_STRICT_OBJC_MSGSEND = YES;
				GCC_C_LANGUAGE_STANDARD = gnu11;
				GCC_NO_COMMON_BLOCKS = YES;
				GCC_WARN_64_TO_32_BIT_CONVERSION = YES;
				GCC_WARN_ABOUT_RETURN_TYPE = YES_ERROR;
				GCC_WARN_UNDECLARED_SELECTOR = YES;
				GCC_WARN_UNINITIALIZED_AUTOS = YES_AGGRESSIVE;
				GCC_WARN_UNUSED_FUNCTION = YES;
				GCC_WARN_UNUSED_VARIABLE = YES;
				IPHONEOS_DEPLOYMENT_TARGET = 16.2;
				MTL_ENABLE_DEBUG_INFO = NO;
				MTL_FAST_MATH = YES;
				SDKROOT = iphoneos;
				SWIFT_COMPILATION_MODE = wholemodule;
				SWIFT_OPTIMIZATION_LEVEL = "-O";
				VALIDATE_PRODUCT = YES;
			};
			name = Release;
		};
		A54B42342AA7A1D600871E1C /* Debug */ = {
			isa = XCBuildConfiguration;
			baseConfigurationReference = 592E0FAABBF52B2DC556D271 /* Pods-FalconX.debug.xcconfig */;
			buildSettings = {
				ASSETCATALOG_COMPILER_APPICON_NAME = AppIcon;
				ASSETCATALOG_COMPILER_GLOBAL_ACCENT_COLOR_NAME = AccentColor;
				CODE_SIGN_STYLE = Automatic;
				CURRENT_PROJECT_VERSION = 1;
				DEVELOPMENT_TEAM = 8W6TC9JFK7;
				GENERATE_INFOPLIST_FILE = YES;
				INFOPLIST_FILE = FalconX/Info.plist;
				INFOPLIST_KEY_UIApplicationSupportsIndirectInputEvents = YES;
				INFOPLIST_KEY_UILaunchStoryboardName = LaunchScreen;
				INFOPLIST_KEY_UIStatusBarStyle = UIStatusBarStyleLightContent;
				INFOPLIST_KEY_UISupportedInterfaceOrientations_iPad = "UIInterfaceOrientationPortrait UIInterfaceOrientationPortraitUpsideDown UIInterfaceOrientationLandscapeLeft UIInterfaceOrientationLandscapeRight";
				INFOPLIST_KEY_UISupportedInterfaceOrientations_iPhone = "UIInterfaceOrientationPortrait UIInterfaceOrientationLandscapeLeft UIInterfaceOrientationLandscapeRight";
				LD_RUNPATH_SEARCH_PATHS = (
					"$(inherited)",
					"@executable_path/Frameworks",
				);
				MARKETING_VERSION = 1.0;
				PRODUCT_BUNDLE_IDENTIFIER = com.x.FalconX;
				PRODUCT_NAME = "$(TARGET_NAME)";
				SWIFT_EMIT_LOC_STRINGS = YES;
				SWIFT_VERSION = 5.0;
				TARGETED_DEVICE_FAMILY = "1,2";
			};
			name = Debug;
		};
		A54B42352AA7A1D600871E1C /* Release */ = {
			isa = XCBuildConfiguration;
			baseConfigurationReference = 465CD4F1D32FCD364252745C /* Pods-FalconX.release.xcconfig */;
			buildSettings = {
				ASSETCATALOG_COMPILER_APPICON_NAME = AppIcon;
				ASSETCATALOG_COMPILER_GLOBAL_ACCENT_COLOR_NAME = AccentColor;
				CODE_SIGN_STYLE = Automatic;
				CURRENT_PROJECT_VERSION = 1;
				DEVELOPMENT_TEAM = 8W6TC9JFK7;
				GENERATE_INFOPLIST_FILE = YES;
				INFOPLIST_FILE = FalconX/Info.plist;
				INFOPLIST_KEY_UIApplicationSupportsIndirectInputEvents = YES;
				INFOPLIST_KEY_UILaunchStoryboardName = LaunchScreen;
				INFOPLIST_KEY_UIStatusBarStyle = UIStatusBarStyleLightContent;
				INFOPLIST_KEY_UISupportedInterfaceOrientations_iPad = "UIInterfaceOrientationPortrait UIInterfaceOrientationPortraitUpsideDown UIInterfaceOrientationLandscapeLeft UIInterfaceOrientationLandscapeRight";
				INFOPLIST_KEY_UISupportedInterfaceOrientations_iPhone = "UIInterfaceOrientationPortrait UIInterfaceOrientationLandscapeLeft UIInterfaceOrientationLandscapeRight";
				LD_RUNPATH_SEARCH_PATHS = (
					"$(inherited)",
					"@executable_path/Frameworks",
				);
				MARKETING_VERSION = 1.0;
				PRODUCT_BUNDLE_IDENTIFIER = com.x.FalconX;
				PRODUCT_NAME = "$(TARGET_NAME)";
				SWIFT_EMIT_LOC_STRINGS = YES;
				SWIFT_VERSION = 5.0;
				TARGETED_DEVICE_FAMILY = "1,2";
			};
			name = Release;
		};
		A54B42372AA7A1D600871E1C /* Debug */ = {
			isa = XCBuildConfiguration;
			baseConfigurationReference = 732781DB4CA4100BECB06481 /* Pods-FalconXTests.debug.xcconfig */;
			buildSettings = {
				ALWAYS_EMBED_SWIFT_STANDARD_LIBRARIES = YES;
				BUNDLE_LOADER = "$(TEST_HOST)";
				CODE_SIGN_STYLE = Automatic;
				CURRENT_PROJECT_VERSION = 1;
				DEVELOPMENT_TEAM = 8W6TC9JFK7;
				GENERATE_INFOPLIST_FILE = YES;
				IPHONEOS_DEPLOYMENT_TARGET = 16.2;
				MARKETING_VERSION = 1.0;
				PRODUCT_BUNDLE_IDENTIFIER = com.x.FalconXTests;
				PRODUCT_NAME = "$(TARGET_NAME)";
				SWIFT_EMIT_LOC_STRINGS = NO;
				SWIFT_VERSION = 5.0;
				TARGETED_DEVICE_FAMILY = "1,2";
				TEST_HOST = "$(BUILT_PRODUCTS_DIR)/FalconX.app/$(BUNDLE_EXECUTABLE_FOLDER_PATH)/FalconX";
			};
			name = Debug;
		};
		A54B42382AA7A1D600871E1C /* Release */ = {
			isa = XCBuildConfiguration;
			baseConfigurationReference = 7BB60E82143D33FA71433F39 /* Pods-FalconXTests.release.xcconfig */;
			buildSettings = {
				ALWAYS_EMBED_SWIFT_STANDARD_LIBRARIES = YES;
				BUNDLE_LOADER = "$(TEST_HOST)";
				CODE_SIGN_STYLE = Automatic;
				CURRENT_PROJECT_VERSION = 1;
				DEVELOPMENT_TEAM = 8W6TC9JFK7;
				GENERATE_INFOPLIST_FILE = YES;
				IPHONEOS_DEPLOYMENT_TARGET = 16.2;
				MARKETING_VERSION = 1.0;
				PRODUCT_BUNDLE_IDENTIFIER = com.x.FalconXTests;
				PRODUCT_NAME = "$(TARGET_NAME)";
				SWIFT_EMIT_LOC_STRINGS = NO;
				SWIFT_VERSION = 5.0;
				TARGETED_DEVICE_FAMILY = "1,2";
				TEST_HOST = "$(BUILT_PRODUCTS_DIR)/FalconX.app/$(BUNDLE_EXECUTABLE_FOLDER_PATH)/FalconX";
			};
			name = Release;
		};
		A54B423A2AA7A1D600871E1C /* Debug */ = {
			isa = XCBuildConfiguration;
			baseConfigurationReference = 7F11DDAF00836E35EB57D0B9 /* Pods-FalconX-FalconXUITests.debug.xcconfig */;
			buildSettings = {
				ALWAYS_EMBED_SWIFT_STANDARD_LIBRARIES = YES;
				CODE_SIGN_STYLE = Automatic;
				CURRENT_PROJECT_VERSION = 1;
				DEVELOPMENT_TEAM = 8W6TC9JFK7;
				GENERATE_INFOPLIST_FILE = YES;
				MARKETING_VERSION = 1.0;
				PRODUCT_BUNDLE_IDENTIFIER = com.x.FalconXUITests;
				PRODUCT_NAME = "$(TARGET_NAME)";
				SWIFT_EMIT_LOC_STRINGS = NO;
				SWIFT_VERSION = 5.0;
				TARGETED_DEVICE_FAMILY = "1,2";
				TEST_TARGET_NAME = FalconX;
			};
			name = Debug;
		};
		A54B423B2AA7A1D600871E1C /* Release */ = {
			isa = XCBuildConfiguration;
			baseConfigurationReference = 41871DF4DEADB9E9E86B2D8C /* Pods-FalconX-FalconXUITests.release.xcconfig */;
			buildSettings = {
				ALWAYS_EMBED_SWIFT_STANDARD_LIBRARIES = YES;
				CODE_SIGN_STYLE = Automatic;
				CURRENT_PROJECT_VERSION = 1;
				DEVELOPMENT_TEAM = 8W6TC9JFK7;
				GENERATE_INFOPLIST_FILE = YES;
				MARKETING_VERSION = 1.0;
				PRODUCT_BUNDLE_IDENTIFIER = com.x.FalconXUITests;
				PRODUCT_NAME = "$(TARGET_NAME)";
				SWIFT_EMIT_LOC_STRINGS = NO;
				SWIFT_VERSION = 5.0;
				TARGETED_DEVICE_FAMILY = "1,2";
				TEST_TARGET_NAME = FalconX;
			};
			name = Release;
		};
/* End XCBuildConfiguration section */

/* Begin XCConfigurationList section */
		A54B42042AA7A1D500871E1C /* Build configuration list for PBXProject "FalconX" */ = {
			isa = XCConfigurationList;
			buildConfigurations = (
				A54B42312AA7A1D600871E1C /* Debug */,
				A54B42322AA7A1D600871E1C /* Release */,
			);
			defaultConfigurationIsVisible = 0;
			defaultConfigurationName = Release;
		};
		A54B42332AA7A1D600871E1C /* Build configuration list for PBXNativeTarget "FalconX" */ = {
			isa = XCConfigurationList;
			buildConfigurations = (
				A54B42342AA7A1D600871E1C /* Debug */,
				A54B42352AA7A1D600871E1C /* Release */,
			);
			defaultConfigurationIsVisible = 0;
			defaultConfigurationName = Release;
		};
		A54B42362AA7A1D600871E1C /* Build configuration list for PBXNativeTarget "FalconXTests" */ = {
			isa = XCConfigurationList;
			buildConfigurations = (
				A54B42372AA7A1D600871E1C /* Debug */,
				A54B42382AA7A1D600871E1C /* Release */,
			);
			defaultConfigurationIsVisible = 0;
			defaultConfigurationName = Release;
		};
		A54B42392AA7A1D600871E1C /* Build configuration list for PBXNativeTarget "FalconXUITests" */ = {
			isa = XCConfigurationList;
			buildConfigurations = (
				A54B423A2AA7A1D600871E1C /* Debug */,
				A54B423B2AA7A1D600871E1C /* Release */,
			);
			defaultConfigurationIsVisible = 0;
			defaultConfigurationName = Release;
		};
/* End XCConfigurationList section */
	};
	rootObject = A54B42012AA7A1D500871E1C /* Project object */;
}
